
Microsoft Visual Studio Solution File, Format Version 12.00
# Visual Studio 2012
Project("{D954291E-2A0B-460D-934E-DC6B0785DB48}") = "TalentoUAQ", "TalentoUAQ\TalentoUAQ.shproj", "{88EF7251-F5DC-4D54-A7E3-DDF82CC40560}"
EndProject
Project("{FAE04EC0-301F-11D3-BF4B-00C04F79EFBC}") = "TalentoUAQ.iOS", "iOS\TalentoUAQ.iOS.csproj", "{CEF3322E-DFD8-4543-AA00-D9A89201B288}"
EndProject
Project("{FAE04EC0-301F-11D3-BF4B-00C04F79EFBC}") = "TalentoUAQ.Droid", "Droid\TalentoUAQ.Droid.csproj", "{14E3E8DD-993B-411E-A7FD-6AB2FEF5420D}"
EndProject
Global
	GlobalSection(SolutionConfigurationPlatforms) = preSolution
		Debug|iPhoneSimulator = Debug|iPhoneSimulator
		Release|iPhone = Release|iPhone
		Release|iPhoneSimulator = Release|iPhoneSimulator
		Debug|iPhone = Debug|iPhone
		Debug|Any CPU = Debug|Any CPU
		Release|Any CPU = Release|Any CPU
	EndGlobalSection
	GlobalSection(ProjectConfigurationPlatforms) = postSolution
		{CEF3322E-DFD8-4543-AA00-D9A89201B288}.Debug|iPhoneSimulator.ActiveCfg = Debug|iPhoneSimulator
		{CEF3322E-DFD8-4543-AA00-D9A89201B288}.Debug|iPhoneSimulator.Build.0 = Debug|iPhoneSimulator
		{CEF3322E-DFD8-4543-AA00-D9A89201B288}.Release|iPhone.ActiveCfg = Release|iPhone
		{CEF3322E-DFD8-4543-AA00-D9A89201B288}.Release|iPhone.Build.0 = Release|iPhone
		{CEF3322E-DFD8-4543-AA00-D9A89201B288}.Release|iPhoneSimulator.ActiveCfg = Release|iPhoneSimulator
		{CEF3322E-DFD8-4543-AA00-D9A89201B288}.Release|iPhoneSimulator.Build.0 = Release|iPhoneSimulator
		{CEF3322E-DFD8-4543-AA00-D9A89201B288}.Debug|iPhone.ActiveCfg = Debug|iPhone
		{CEF3322E-DFD8-4543-AA00-D9A89201B288}.Debug|iPhone.Build.0 = Debug|iPhone
		{CEF3322E-DFD8-4543-AA00-D9A89201B288}.Debug|Any CPU.ActiveCfg = Debug|iPhoneSimulator
		{CEF3322E-DFD8-4543-AA00-D9A89201B288}.Debug|Any CPU.Build.0 = Debug|iPhoneSimulator
		{CEF3322E-DFD8-4543-AA00-D9A89201B288}.Release|Any CPU.ActiveCfg = Release|iPhone
		{CEF3322E-DFD8-4543-AA00-D9A89201B288}.Release|Any CPU.Build.0 = Release|iPhone
		{14E3E8DD-993B-411E-A7FD-6AB2FEF5420D}.Debug|iPhoneSimulator.ActiveCfg = Debug|Any CPU
		{14E3E8DD-993B-411E-A7FD-6AB2FEF5420D}.Debug|iPhoneSimulator.Build.0 = Debug|Any CPU
		{14E3E8DD-993B-411E-A7FD-6AB2FEF5420D}.Release|iPhone.ActiveCfg = Release|Any CPU
		{14E3E8DD-993B-411E-A7FD-6AB2FEF5420D}.Release|iPhone.Build.0 = Release|Any CPU
		{14E3E8DD-993B-411E-A7FD-6AB2FEF5420D}.Release|iPhoneSimulator.ActiveCfg = Release|Any CPU
		{14E3E8DD-993B-411E-A7FD-6AB2FEF5420D}.Release|iPhoneSimulator.Build.0 = Release|Any CPU
		{14E3E8DD-993B-411E-A7FD-6AB2FEF5420D}.Debug|iPhone.ActiveCfg = Debug|Any CPU
		{14E3E8DD-993B-411E-A7FD-6AB2FEF5420D}.Debug|iPhone.Build.0 = Debug|Any CPU
		{14E3E8DD-993B-411E-A7FD-6AB2FEF5420D}.Debug|Any CPU.ActiveCfg = Debug|Any CPU
		{14E3E8DD-993B-411E-A7FD-6AB2FEF5420D}.Debug|Any CPU.Build.0 = Debug|Any CPU
		{14E3E8DD-993B-411E-A7FD-6AB2FEF5420D}.Release|Any CPU.ActiveCfg = Release|Any CPU
		{14E3E8DD-993B-411E-A7FD-6AB2FEF5420D}.Release|Any CPU.Build.0 = Release|Any CPU
	EndGlobalSection
EndGlobal
